# This file is generated by running "yarn install" inside your project.
# Manual changes might be lost - proceed with caution!

__metadata:
  version: 8
  cacheKey: 10c0

"@types/mdast@npm:^3.0.0":
  version: 3.0.3
  resolution: "@types/mdast@npm:3.0.3"
  dependencies:
    "@types/unist": "npm:*"
  checksum: e45e3fca8fcd9fc7b69472549a4ac9c9748634488860a9e3dc9d0f278c865f980c42724c6d350c50982797e377e31736a88c14869e02726787c6e8baa0cee627
  languageName: node
  linkType: hard

"@types/parse5@npm:^5.0.0":
  version: 5.0.3
  resolution: "@types/parse5@npm:5.0.3"
  checksum: 7d7ebbcb704a0ef438aa0de43ea1fd9723dfa802b8fa459628ceaf063f092bd19791b2a2580265244898dcc9d40f7345588a76cf752847d29540539f802711ed
  languageName: node
  linkType: hard

"@types/unist@npm:*, @types/unist@npm:^2.0.0, @types/unist@npm:^2.0.2":
  version: 2.0.3
  resolution: "@types/unist@npm:2.0.3"
  checksum: fd9a3514566023e6c3c96aaadd62118d1566ec28ac66dbcf01ad0d5439f625a757406327b0207335ae9e810051583f05047026a3354a4f57ce68cae6f5f86821
  languageName: node
  linkType: hard

"bail@npm:^1.0.0":
  version: 1.0.5
  resolution: "bail@npm:1.0.5"
  checksum: 4cf7d0b5c82fdc69590b3fe85c17c4ec37647681b20875551fd6187a85c122b20178dc118001d3ebd5d0ab3dc0e95637c71f889f481882ee761db43c6b16fa05
  languageName: node
  linkType: hard

"ccount@npm:^1.0.0":
  version: 1.0.5
  resolution: "ccount@npm:1.0.5"
  checksum: aee04f22e5d9c7b4a3d6be341cd379d539f28831430ac590bb4fa19ae4e17331642430fd7dbfa4283c6af3dd6602b3c7ba88fb02cfd67d6dce935849fb84f002
  languageName: node
  linkType: hard

"character-entities-html4@npm:^1.0.0":
  version: 1.1.4
  resolution: "character-entities-html4@npm:1.1.4"
  checksum: 00fdcbe8ddb0c5e24718cdbfbbb989054effca87b32ddf92b1a48a7787b99dc1e66c51f5efdaa4d844a2b440618cd3e85ee30ecdc64b7c22a9b36b297452201d
  languageName: node
  linkType: hard

"character-entities-legacy@npm:^1.0.0":
  version: 1.1.4
  resolution: "character-entities-legacy@npm:1.1.4"
  checksum: ea4ca9c29887335eed86d78fc67a640168342b1274da84c097abb0575a253d1265281a5052f9a863979e952bcc267b4ecaaf4fe233a7e1e0d8a47806c65b96c7
  languageName: node
  linkType: hard

"character-entities@npm:^1.0.0":
  version: 1.2.4
  resolution: "character-entities@npm:1.2.4"
  checksum: ad015c3d7163563b8a0ee1f587fb0ef305ef344e9fd937f79ca51cccc233786a01d591d989d5bf7b2e66b528ac9efba47f3b1897358324e69932f6d4b25adfe1
  languageName: node
  linkType: hard

"character-reference-invalid@npm:^1.0.0":
  version: 1.1.4
  resolution: "character-reference-invalid@npm:1.1.4"
  checksum: 29f05081c5817bd1e975b0bf61e77b60a40f62ad371d0f0ce0fdb48ab922278bc744d1fbe33771dced751887a8403f265ff634542675c8d7375f6ff4811efd0e
  languageName: node
  linkType: hard

"collapse-white-space@npm:^1.0.0":
  version: 1.0.6
  resolution: "collapse-white-space@npm:1.0.6"
  checksum: 7fd27a883eee1ddd5e39c53fbcd4a42dfe2a65dfac70e2c442d20827f5258202b360a12e99b4f0128c3addd2d64796bb2eb1bb8a3b75d5a2e9c061adb549c36b
  languageName: node
  linkType: hard

"comma-separated-tokens@npm:^1.0.0":
  version: 1.0.8
  resolution: "comma-separated-tokens@npm:1.0.8"
  checksum: c3bcfeaa6d50313528a006a40bcc0f9576086665c9b48d4b3a76ddd63e7d6174734386c98be1881cbf6ecfc25e1db61cd775a7b896d2ea7a65de28f83a0f9b17
  languageName: node
  linkType: hard

"date-fns@npm:^2.15.0":
  version: 2.15.0
  resolution: "date-fns@npm:2.15.0"
  checksum: fa8e3e53b322b9de43424bbff9cc4adc33d1d7990751bd9ef58798dc61c45cafe9888deac4e03302f9253bcc5291eb9a90b6a7170ff78540cce558f1126bce9f
  languageName: node
  linkType: hard

"extend@npm:^3.0.0":
  version: 3.0.2
  resolution: "extend@npm:3.0.2"
  checksum: 73bf6e27406e80aa3e85b0d1c4fd987261e628064e170ca781125c0b635a3dabad5e05adbf07595ea0cf1e6c5396cacb214af933da7cbaf24fe75ff14818e8f9
  languageName: node
  linkType: hard

"file-type@npm:^10.10.0":
  version: 10.11.0
  resolution: "file-type@npm:10.11.0"
  checksum: 2d6280d84f2499878ebdf8236a6e83b3c747f08b91d84cf99785afe3c9ac52775e52dcec15a4141cc24eb3006f274eb46dc7d13395920a1763d936c6d6e8afde
  languageName: node
  linkType: hard

"hast-util-embedded@npm:^1.0.0":
  version: 1.0.5
  resolution: "hast-util-embedded@npm:1.0.5"
  dependencies:
    hast-util-is-element: "npm:^1.0.0"
  checksum: 562fb96eb900c6ccfe23a0acdc2e3a489f2aae6c03e8d0e192232ea22c87eff09225c3b73d33b8e70eaffe767967a8bf698b6a51533a8be1e7d8b1587dae864e
  languageName: node
  linkType: hard

"hast-util-from-parse5@npm:^6.0.0":
  version: 6.0.0
  resolution: "hast-util-from-parse5@npm:6.0.0"
  dependencies:
    "@types/parse5": "npm:^5.0.0"
    ccount: "npm:^1.0.0"
    hastscript: "npm:^5.0.0"
    property-information: "npm:^5.0.0"
    vfile: "npm:^4.0.0"
    web-namespaces: "npm:^1.0.0"
  checksum: afbfc5d9f45198c6f974f7d4c936c8af7c9ed91805dd629d9b2757676ea682745ff435b601a70ed72278dd2b61ff9766eb9957df874ac4bacefd59f3fb7a1264
  languageName: node
  linkType: hard

"hast-util-has-property@npm:^1.0.0":
  version: 1.0.4
  resolution: "hast-util-has-property@npm:1.0.4"
  checksum: dcad2e0fc6e2e13b42028ccec40cea5f607ea5fd0c38706467e546df52a5ed5db95c94ba29028855a6024d7a571d7d3dc55403fc16e370f580187716d48865ef
  languageName: node
  linkType: hard

"hast-util-is-element@npm:^1.0.0":
  version: 1.0.4
  resolution: "hast-util-is-element@npm:1.0.4"
  checksum: 07cd61656ffb8315f7919d5e3a806d51094a63c18d45b4ba980fe1dfcc54e003d250f3bf7e645f0c96c50d79637c4d0ea135939a63d3764771f49c92e873d1f4
  languageName: node
  linkType: hard

"hast-util-parse-selector@npm:^2.0.0":
  version: 2.2.4
  resolution: "hast-util-parse-selector@npm:2.2.4"
  checksum: e535eca925165a8ab4116fc9bc6b84ed4e68e6490fbd46567b9a7efa97d5ee470ca37e9183d4e30be68594a1253fe55ff6d2f2d6f2ea430a16d75d7a41a601ab
  languageName: node
  linkType: hard

"hast-util-to-html@npm:^7.1.1":
  version: 7.1.1
  resolution: "hast-util-to-html@npm:7.1.1"
  dependencies:
    ccount: "npm:^1.0.0"
    comma-separated-tokens: "npm:^1.0.0"
    hast-util-is-element: "npm:^1.0.0"
    hast-util-whitespace: "npm:^1.0.0"
    html-void-elements: "npm:^1.0.0"
    property-information: "npm:^5.0.0"
    space-separated-tokens: "npm:^1.0.0"
    stringify-entities: "npm:^3.0.1"
    unist-util-is: "npm:^4.0.0"
    xtend: "npm:^4.0.0"
  checksum: d850bf9808b66aac77e676057f5964c4845b0293f177ad83ef5374e5c09805d2ec70a7b982ec9b7c2bc701db41c0becd48acae4af4fa6cb493f0ac4e7565a448
  languageName: node
  linkType: hard

"hast-util-to-mdast@npm:^7.0.0":
  version: 7.1.1
  resolution: "hast-util-to-mdast@npm:7.1.1"
  dependencies:
    extend: "npm:^3.0.0"
    hast-util-has-property: "npm:^1.0.0"
    hast-util-is-element: "npm:^1.0.0"
    hast-util-to-text: "npm:^2.0.0"
    mdast-util-phrasing: "npm:^2.0.0"
    mdast-util-to-string: "npm:^1.0.0"
    rehype-minify-whitespace: "npm:^4.0.3"
    repeat-string: "npm:^1.6.1"
    trim-trailing-lines: "npm:^1.1.0"
    unist-util-visit: "npm:^2.0.0"
    xtend: "npm:^4.0.1"
  checksum: e08f08242ecf2a68e0b6194612f7cf0d90c8cc675da5a8f1e752a746c7bbb6ba49dff355d87ad7d423a697198f2617ce99521e9161c8c4851c7c3532cef38a8f
  languageName: node
  linkType: hard

"hast-util-to-text@npm:^2.0.0":
  version: 2.0.0
  resolution: "hast-util-to-text@npm:2.0.0"
  dependencies:
    hast-util-is-element: "npm:^1.0.0"
    repeat-string: "npm:^1.0.0"
    unist-util-find-after: "npm:^3.0.0"
  checksum: bc48a00c7b4046c6abf4e36c48cbded57156a0f9c2a4ead9fb7ab65a77f424c4efb42de93a9123e2326aa8d1c9b74109725a3d2e512872cd54f113e8ba0f29fe
  languageName: node
  linkType: hard

"hast-util-whitespace@npm:^1.0.0, hast-util-whitespace@npm:^1.0.4":
  version: 1.0.4
  resolution: "hast-util-whitespace@npm:1.0.4"
  checksum: 434771896f151bca2954d3946f113dfbb8902e6305fa49d470ff2422c2b8c04b784490ecfacc26b2412c5dabfbc2ae1a1051c0ed0ca1c587e41204b5c0105d61
  languageName: node
  linkType: hard

"hastscript@npm:^5.0.0":
  version: 5.1.2
  resolution: "hastscript@npm:5.1.2"
  dependencies:
    comma-separated-tokens: "npm:^1.0.0"
    hast-util-parse-selector: "npm:^2.0.0"
    property-information: "npm:^5.0.0"
    space-separated-tokens: "npm:^1.0.0"
  checksum: f0c2c11d4a8bdfee925348e6057d7f02d2e8baf97b067dfc87b374b5f8a839ba1845b7aa06c35de9179121f8594fc7941b4220a66fce530ad034df762a4909f3
  languageName: node
  linkType: hard

"he@npm:^1.2.0":
  version: 1.2.0
  resolution: "he@npm:1.2.0"
  bin:
    he: bin/he
  checksum: a27d478befe3c8192f006cdd0639a66798979dfa6e2125c6ac582a19a5ebfec62ad83e8382e6036170d873f46e4536a7e795bf8b95bf7c247f4cc0825ccc8c17
  languageName: node
  linkType: hard

"html-void-elements@npm:^1.0.0":
  version: 1.0.5
  resolution: "html-void-elements@npm:1.0.5"
  checksum: 97b6c108d7d6b31a45deddf95a65eb074bd0f358b55a61f3a031e055812eec368076ca23f0181674c5212166168988f35312756a3b376490e31e73d9a51f5549
  languageName: node
  linkType: hard

"httpie@npm:^1.1.2":
  version: 1.1.2
  resolution: "httpie@npm:1.1.2"
  checksum: 842011f2fae0dfaf7539d4acba2dd43d17c2305e18bedfa6a72826d5a3e3bdba82c5bedbe00bdf26ed41d5a882e8d7e4db386ce9fadd48ddf889b612c4171465
  languageName: node
  linkType: hard

"image-type@npm:^4.1.0":
  version: 4.1.0
  resolution: "image-type@npm:4.1.0"
  dependencies:
    file-type: "npm:^10.10.0"
  checksum: 896d6560d5306276eb3426ad0af12519a5c7dc85f8e5ec8d2e9b91535411cea85b814574fd186f312ee49d3176c38a6524389ff153e81d1003bed71bf4c1f15b
  languageName: node
  linkType: hard

"inherits@npm:^2.0.0":
  version: 2.0.4
  resolution: "inherits@npm:2.0.4"
  checksum: 4e531f648b29039fb7426fb94075e6545faa1eb9fe83c29f0b6d9e7263aceb4289d2d4557db0d428188eeb449cc7c5e77b0a0b2c4e248ff2a65933a0dee49ef2
  languageName: node
  linkType: hard

"is-alphabetical@npm:^1.0.0":
  version: 1.0.4
  resolution: "is-alphabetical@npm:1.0.4"
  checksum: 1505b1de5a1fd74022c05fb21b0e683a8f5229366bac8dc4d34cf6935bcfd104d1125a5e6b083fb778847629f76e5bdac538de5367bdf2b927a1356164e23985
  languageName: node
  linkType: hard

"is-alphanumeric@npm:^1.0.0":
  version: 1.0.0
  resolution: "is-alphanumeric@npm:1.0.0"
  checksum: d9dfd10738ca922c84e3af6d4863e3f4fdcbb902e70d1f69fc95aca9f6a516c46f34bd58e26897f9e0abb78414b0f871cd39ad9912aa8f7e5a3d4435ff9839e3
  languageName: node
  linkType: hard

"is-alphanumerical@npm:^1.0.0":
  version: 1.0.4
  resolution: "is-alphanumerical@npm:1.0.4"
  dependencies:
    is-alphabetical: "npm:^1.0.0"
    is-decimal: "npm:^1.0.0"
  checksum: d623abae7130a7015c6bf33d99151d4e7005572fd170b86568ff4de5ae86ac7096608b87dd4a1d4dbbd497e392b6396930ba76c9297a69455909cebb68005905
  languageName: node
  linkType: hard

"is-buffer@npm:^2.0.0":
  version: 2.0.4
  resolution: "is-buffer@npm:2.0.4"
  checksum: d02bda79ca71c8da645d74046f89283ada2cfd02c74dfadb88dfa5b722b8f577019ec520016938ed171aaff8c818f93014c7431ece44976c0969e1267194fbd3
  languageName: node
  linkType: hard

"is-decimal@npm:^1.0.0, is-decimal@npm:^1.0.2":
  version: 1.0.4
  resolution: "is-decimal@npm:1.0.4"
  checksum: a4ad53c4c5c4f5a12214e7053b10326711f6a71f0c63ba1314a77bd71df566b778e4ebd29f9fb6815f07a4dc50c3767fb19bd6fc9fa05e601410f1d64ffeac48
  languageName: node
  linkType: hard

"is-hexadecimal@npm:^1.0.0":
  version: 1.0.4
  resolution: "is-hexadecimal@npm:1.0.4"
  checksum: ec4c64e5624c0f240922324bc697e166554f09d3ddc7633fc526084502626445d0a871fbd8cae52a9844e83bd0bb414193cc5a66806d7b2867907003fc70c5ea
  languageName: node
  linkType: hard

"is-plain-obj@npm:^2.0.0":
  version: 2.1.0
  resolution: "is-plain-obj@npm:2.1.0"
  checksum: e5c9814cdaa627a9ad0a0964ded0e0491bfd9ace405c49a5d63c88b30a162f1512c069d5b80997893c4d0181eadc3fed02b4ab4b81059aba5620bfcdfdeb9c53
  languageName: node
  linkType: hard

"is-whitespace-character@npm:^1.0.0":
  version: 1.0.4
  resolution: "is-whitespace-character@npm:1.0.4"
  checksum: 20f02cf42eafb44ff1706a04338dc45095cd691ae6984adb9a211b6b6df8d01e91722129ce55555e4c7c7b0b7d48e217553767f22eb7ec019b9f8dd3bc12cdfb
  languageName: node
  linkType: hard

"longest-streak@npm:^2.0.1":
  version: 2.0.4
  resolution: "longest-streak@npm:2.0.4"
  checksum: 918fb5104cde537757f44431776d6d828bc091a63ca38a3b3e59a08b88498b4421bf5fd9823ef22b4d186f0234d9943087fa96bd6117d26dedcf6008480fd46a
  languageName: node
  linkType: hard

"markdown-escapes@npm:^1.0.0":
  version: 1.0.4
  resolution: "markdown-escapes@npm:1.0.4"
  checksum: cf3f2231191d9df61cd1d02a50a55a5c89ab9cebfe75572950f4844b93a41d561eed2d82e42732d55f2c55fa0d426b51df3a7f378b4068ae1e2923bb758a9cc8
  languageName: node
  linkType: hard

"markdown-table@npm:^2.0.0":
  version: 2.0.0
  resolution: "markdown-table@npm:2.0.0"
  dependencies:
    repeat-string: "npm:^1.0.0"
  checksum: f257e0781ea50eb946919df84bdee4ba61f983971b277a369ca7276f89740fd0e2749b9b187163a42df4c48682b71962d4007215ce3523480028f06c11ddc2e6
  languageName: node
  linkType: hard

"mdast-util-compact@npm:^2.0.0":
  version: 2.0.1
  resolution: "mdast-util-compact@npm:2.0.1"
  dependencies:
    unist-util-visit: "npm:^2.0.0"
  checksum: 3d09cd1caedf6b95d0786c1fb1bbc9ef2de729cd9ee1b23119c2bbb03a9d6fcb2ce62ac28a7ca5db7cab25e9d803462ef2a7c4c929ed7798c7a9077699a49384
  languageName: node
  linkType: hard

"mdast-util-phrasing@npm:^2.0.0":
  version: 2.0.0
  resolution: "mdast-util-phrasing@npm:2.0.0"
  dependencies:
    unist-util-is: "npm:^4.0.0"
  checksum: bc3ba8dba962d75cea4fe9d1008b8f1227fd4b75e2fe1654bb8dbbaa6644f77372055c8b6e2efe6f124db6881fa1df8c7544d3091429abd1578b629df04771e0
  languageName: node
  linkType: hard

"mdast-util-to-string@npm:^1.0.0":
  version: 1.1.0
  resolution: "mdast-util-to-string@npm:1.1.0"
  checksum: 5dad9746ec0839792a8a35f504564e8d2b8c30013652410306c111963d33f1ee7b5477aa64ed77b64e13216363a29395809875ffd80e2031a08614657628a121
  languageName: node
  linkType: hard

"node-fetch@npm:^2.6.0":
  version: 2.6.0
  resolution: "node-fetch@npm:2.6.0"
  checksum: ad8b68b9d93c6e7c3f1e8f3cb3d3d48449a3aa7d9df444c332573b6b49393495c30dffef81adc7b1eb3da8acf285d05399bfd685d8a68bd5cc3704bb00861f85
  languageName: node
  linkType: hard

"object-assign@npm:^4.0.0":
  version: 4.1.1
  resolution: "object-assign@npm:4.1.1"
  checksum: 1f4df9945120325d041ccf7b86f31e8bcc14e73d29171e37a7903050e96b81323784ec59f93f102ec635bcf6fa8034ba3ea0a8c7e69fa202b87ae3b6cec5a414
  languageName: node
  linkType: hard

"parse-entities@npm:^2.0.0":
  version: 2.0.0
  resolution: "parse-entities@npm:2.0.0"
  dependencies:
    character-entities: "npm:^1.0.0"
    character-entities-legacy: "npm:^1.0.0"
    character-reference-invalid: "npm:^1.0.0"
    is-alphanumerical: "npm:^1.0.0"
    is-decimal: "npm:^1.0.0"
    is-hexadecimal: "npm:^1.0.0"
  checksum: f85a22c0ea406ff26b53fdc28641f01cc36fa49eb2e3135f02693286c89ef0bcefc2262d99b3688e20aac2a14fd10b75c518583e875c1b9fe3d1f937795e0854
  languageName: node
  linkType: hard

"parse5@npm:^6.0.0":
  version: 6.0.1
  resolution: "parse5@npm:6.0.1"
  checksum: 595821edc094ecbcfb9ddcb46a3e1fe3a718540f8320eff08b8cf6742a5114cce2d46d45f95c26191c11b184dcaf4e2960abcd9c5ed9eb9393ac9a37efcfdecb
  languageName: node
  linkType: hard

"prettier@npm:^2.0.5":
  version: 2.0.5
  resolution: "prettier@npm:2.0.5"
  bin:
    prettier: bin-prettier.js
  checksum: 8f7b9cb4f6ce4b411b541f89ad65792037424b87ca6544488e4e56f2a0df20ce1f05de24973b6f7766a1855d80866ca9f92b577c025dfbd6689dd3ecc5837a34
  languageName: node
  linkType: hard

"property-information@npm:^5.0.0":
  version: 5.5.0
  resolution: "property-information@npm:5.5.0"
  dependencies:
    xtend: "npm:^4.0.0"
  checksum: 2b73d499cdd3f4fe1992700b4c3ae8d7d6805748406acb3c67b564eadd054e3d256eb5f64cdc6954b651771688cd4c87dea2972ea826916e2db93351cdda6a9e
  languageName: node
  linkType: hard

"rehype-minify-whitespace@npm:^4.0.3":
  version: 4.0.4
  resolution: "rehype-minify-whitespace@npm:4.0.4"
  dependencies:
    collapse-white-space: "npm:^1.0.0"
    hast-util-embedded: "npm:^1.0.0"
    hast-util-is-element: "npm:^1.0.0"
    hast-util-whitespace: "npm:^1.0.4"
    unist-util-is: "npm:^4.0.0"
  checksum: fc17f99979d92c06cb0d025b33b92e9de3779925e1282cf1f7b990f9801d905c1ca2dd661b9cdbe889f639c716c55b92c95905c8142a7e21295273c68d85c51f
  languageName: node
  linkType: hard

"rehype-parse@npm:^7.0.1":
  version: 7.0.1
  resolution: "rehype-parse@npm:7.0.1"
  dependencies:
    hast-util-from-parse5: "npm:^6.0.0"
    parse5: "npm:^6.0.0"
  checksum: 1ce080b4ed125fdf5de89e43f8f4a658b366951fb4207ae7d949bc404b0d9af2ebdf403df4e62119736f6eeddfe939e535a969d717553aa7557b64e74a04aa30
  languageName: node
  linkType: hard

"rehype-remark@npm:^8.0.0":
  version: 8.0.0
  resolution: "rehype-remark@npm:8.0.0"
  dependencies:
    hast-util-to-mdast: "npm:^7.0.0"
  checksum: 796816a6f86c68838e5d8a2d79a185876aa3373a9b647f3870453eb5d4da23b22a3d642cc72396e93581078ba24f87e73f510f6de45cbc7a758711b7af437b7d
  languageName: node
  linkType: hard

"rehype-stringify@npm:^8.0.0":
  version: 8.0.0
  resolution: "rehype-stringify@npm:8.0.0"
  dependencies:
    hast-util-to-html: "npm:^7.1.1"
  checksum: 1897d953ecdfcbbcff70ccf8beff4584175f221e948b1997d3a1732b9546da1c5affad57026ae160866bf69a39c0730596a281a63ceb8ea676d5ec0a6234c707
  languageName: node
  linkType: hard

"remark-stringify@npm:^8.1.1":
  version: 8.1.1
  resolution: "remark-stringify@npm:8.1.1"
  dependencies:
    ccount: "npm:^1.0.0"
    is-alphanumeric: "npm:^1.0.0"
    is-decimal: "npm:^1.0.0"
    is-whitespace-character: "npm:^1.0.0"
    longest-streak: "npm:^2.0.1"
    markdown-escapes: "npm:^1.0.0"
    markdown-table: "npm:^2.0.0"
    mdast-util-compact: "npm:^2.0.0"
    parse-entities: "npm:^2.0.0"
    repeat-string: "npm:^1.5.4"
    state-toggle: "npm:^1.0.0"
    stringify-entities: "npm:^3.0.0"
    unherit: "npm:^1.0.4"
    xtend: "npm:^4.0.1"
  checksum: 1e63c6d0922355612bef51ffaf952767bc1d8816a8d8faa30cf18bf8b67efec772426c6103e5232f1fab758fba3e01074a38ac32f8c0c1dbb3de13b10da0b9c1
  languageName: node
  linkType: hard

"repeat-string@npm:^1.0.0, repeat-string@npm:^1.5.4, repeat-string@npm:^1.6.1":
  version: 1.6.1
  resolution: "repeat-string@npm:1.6.1"
  checksum: 87fa21bfdb2fbdedc44b9a5b118b7c1239bdd2c2c1e42742ef9119b7d412a5137a1d23f1a83dc6bb686f4f27429ac6f542e3d923090b44181bafa41e8ac0174d
  languageName: node
  linkType: hard

"replace-ext@npm:1.0.0":
  version: 1.0.0
  resolution: "replace-ext@npm:1.0.0"
  checksum: 35c17eda416c4578b49baa25337a417ffad929d89904d6aae45b84febf0291580ef6560245692b66a10406405f5b44d11f9dc2f9ec92ed58bbf22562d5c06fe9
  languageName: node
  linkType: hard

"sax@npm:>=0.6.0":
  version: 1.2.4
  resolution: "sax@npm:1.2.4"
  checksum: 6e9b05ff443ee5e5096ce92d31c0740a20d33002fad714ebcb8fc7a664d9ee159103ebe8f7aef0a1f7c5ecacdd01f177f510dff95611c589399baf76437d3fe3
  languageName: node
  linkType: hard

"slugify@npm:^1.4.5":
  version: 1.4.5
  resolution: "slugify@npm:1.4.5"
  checksum: b7f4b64cd7de097c3d0b37a5695acede83f4d1b7615e2d573f714e1882020ae50b9e33079cdebf049eae2406bd9b7c0a2aba79bd0a3daa269c4610f8f43bccb0
  languageName: node
  linkType: hard

"space-separated-tokens@npm:^1.0.0":
  version: 1.1.5
  resolution: "space-separated-tokens@npm:1.1.5"
  checksum: 3ee0a6905f89e1ffdfe474124b1ade9fe97276a377a0b01350bc079b6ec566eb5b219e26064cc5b7f3899c05bde51ffbc9154290b96eaf82916a1e2c2c13ead9
  languageName: node
  linkType: hard

"state-toggle@npm:^1.0.0":
  version: 1.0.3
  resolution: "state-toggle@npm:1.0.3"
  checksum: 6051ee5654b39b0006911ae3130fa7f47675e07db16a711d8cd23d43b63f383e98f3bd9fa80e118a3f5964a11284d8eee180baef27a556146e628f8da74aba12
  languageName: node
  linkType: hard

"stringify-entities@npm:^3.0.0, stringify-entities@npm:^3.0.1":
  version: 3.0.1
  resolution: "stringify-entities@npm:3.0.1"
  dependencies:
    character-entities-html4: "npm:^1.0.0"
    character-entities-legacy: "npm:^1.0.0"
    is-alphanumerical: "npm:^1.0.0"
    is-decimal: "npm:^1.0.2"
    is-hexadecimal: "npm:^1.0.0"
  checksum: 91274b0cd9d7034ce5c909880298055f424a96876b5b6520e0c6c7c9a08bb1ae7b9b850307d955f3227ab3fca14f16661b96125c7b0377d368124ad4966b1856
  languageName: node
  linkType: hard

"trim-trailing-lines@npm:^1.1.0":
  version: 1.1.3
  resolution: "trim-trailing-lines@npm:1.1.3"
  checksum: 38db196c0e384f3fea14e962e7506669343f688ef5f4c41f95c6ca801785b91c30cdef2c9251bf9b7a31f13c2811ab4df5a303820013491455ef871264d93e82
  languageName: node
  linkType: hard

"trough@npm:^1.0.0":
  version: 1.0.5
  resolution: "trough@npm:1.0.5"
  checksum: f036d0d7f9bc7cfe5ee650d70b57bb1f048f3292adf6c81bb9b228e546b2b2e5b74ea04a060d21472108a8cda05ec4814bbe86f87ee35c182c50cb41b5c1810a
  languageName: node
  linkType: hard

"unherit@npm:^1.0.4":
  version: 1.1.3
  resolution: "unherit@npm:1.1.3"
  dependencies:
    inherits: "npm:^2.0.0"
    xtend: "npm:^4.0.0"
  checksum: f953b548e56ef347b14c0897484ff22187acfeeb599afe2994cfdbfaddffe8731b999029e243fd40966b597bdffd541f3b5a54254797b98aebb760bb39dd8456
  languageName: node
  linkType: hard

"unified@npm:^9.1.0":
  version: 9.1.0
  resolution: "unified@npm:9.1.0"
  dependencies:
    bail: "npm:^1.0.0"
    extend: "npm:^3.0.0"
    is-buffer: "npm:^2.0.0"
    is-plain-obj: "npm:^2.0.0"
    trough: "npm:^1.0.0"
    vfile: "npm:^4.0.0"
  checksum: 8d50c365734ad0273003301785f2497303e7e8ea12fcb8e0b33b3eb1502383c726bcbe92b503eddd484f97425d51491483ecc029889d7c7ca7258a99281ea280
  languageName: node
  linkType: hard

"unist-util-find-after@npm:^3.0.0":
  version: 3.0.0
  resolution: "unist-util-find-after@npm:3.0.0"
  dependencies:
    unist-util-is: "npm:^4.0.0"
  checksum: 667e43a675a2f8bc8e7ed2b5f1c2d5f8750c70488cb6655f6d4689230005c07b73d3453876b21ad1b1bd401a7972015779e0b95db7cc0456be4676a6f6e8afb8
  languageName: node
  linkType: hard

"unist-util-is@npm:^4.0.0":
  version: 4.0.2
  resolution: "unist-util-is@npm:4.0.2"
  checksum: 1f6d77a3add57b12de3cdf88613c891868a23d365952cf001d9c4dc16d8ee5c9f9c5f72966a0b4d6371f3bbd6f52b6687f0937db73d233a3fa665fc6582300ce
  languageName: node
  linkType: hard

"unist-util-map@npm:^2.0.1":
  version: 2.0.1
  resolution: "unist-util-map@npm:2.0.1"
  dependencies:
    "@types/mdast": "npm:^3.0.0"
    object-assign: "npm:^4.0.0"
  checksum: 60a89f87f4a006dcaa9ab2280ebf84a786345a1aada7c5dd8468421d5a1d31ae141a411867ff0c045eedab362f710b3de679ea9970050087c5ae934c93106b7e
  languageName: node
  linkType: hard

"unist-util-stringify-position@npm:^2.0.0":
  version: 2.0.3
  resolution: "unist-util-stringify-position@npm:2.0.3"
  dependencies:
    "@types/unist": "npm:^2.0.2"
  checksum: 46fa03f840df173b7f032cbfffdb502fb05b79b3fb5451681c796cf4985d9087a537833f5afb75d55e79b46bbbe4b3d81dd75a1062f9289091c526aebe201d5d
  languageName: node
  linkType: hard

"unist-util-visit-parents@npm:^3.0.0":
  version: 3.1.0
  resolution: "unist-util-visit-parents@npm:3.1.0"
  dependencies:
    "@types/unist": "npm:^2.0.0"
    unist-util-is: "npm:^4.0.0"
  checksum: ca9417a964a8a88535a1b3059de76809835727a37f01ff461c06126f4aacf4a0510c60069fd1442e700271f0662320f8334f4995375410fd1306b8cd4f15b3ea
  languageName: node
  linkType: hard

"unist-util-visit@npm:^2.0.0, unist-util-visit@npm:^2.0.3":
  version: 2.0.3
  resolution: "unist-util-visit@npm:2.0.3"
  dependencies:
    "@types/unist": "npm:^2.0.0"
    unist-util-is: "npm:^4.0.0"
    unist-util-visit-parents: "npm:^3.0.0"
  checksum: 7b11303d82271ca53a2ced2d56c87a689dd518596c99ff4a11cdff750f5cc5c0e4b64b146bd2363557cb29443c98713bfd1e8dc6d1c3f9d474b9eb1f23a60888
  languageName: node
  linkType: hard

"vfile-message@npm:^2.0.0":
  version: 2.0.4
  resolution: "vfile-message@npm:2.0.4"
  dependencies:
    "@types/unist": "npm:^2.0.0"
    unist-util-stringify-position: "npm:^2.0.0"
  checksum: ce50d90e0e5dc8f995f39602dd2404f1756388a54209c983d259b17c15e6f262a53546977a638065bc487d0657799fa96f4c1ba6b2915d9724a4968e9c7ff1c8
  languageName: node
  linkType: hard

"vfile@npm:^4.0.0":
  version: 4.2.0
  resolution: "vfile@npm:4.2.0"
  dependencies:
    "@types/unist": "npm:^2.0.0"
    is-buffer: "npm:^2.0.0"
    replace-ext: "npm:1.0.0"
    unist-util-stringify-position: "npm:^2.0.0"
    vfile-message: "npm:^2.0.0"
  checksum: 5b32905d9e779f447b1465ee8cc1e4f5d7df003d72052e2a6127e2e170fbcddf147c4ebba5ab64b3f8fda0c5ef9a2b8a9ff8476e4f8f72350a04ce8379dd9d54
  languageName: node
  linkType: hard

"web-namespaces@npm:^1.0.0":
  version: 1.1.4
  resolution: "web-namespaces@npm:1.1.4"
  checksum: 05b5782c32a33ef94fa7a412afdebc9d0d3cc7b59db31d2cc7bd80de3e237d4b6309cb5f156d06e3a837b9826c9414448c25111ec1d4407d2025ffeb7bea4f62
  languageName: node
  linkType: hard

"wordpress-to-markdown@workspace:.":
  version: 0.0.0-use.local
  resolution: "wordpress-to-markdown@workspace:."
  dependencies:
    date-fns: "npm:^2.15.0"
    hast-util-to-html: "npm:^7.1.1"
    he: "npm:^1.2.0"
    httpie: "npm:^1.1.2"
    image-type: "npm:^4.1.0"
    node-fetch: "npm:^2.6.0"
    prettier: "npm:^2.0.5"
    rehype-parse: "npm:^7.0.1"
    rehype-remark: "npm:^8.0.0"
    rehype-stringify: "npm:^8.0.0"
    remark-stringify: "npm:^8.1.1"
    slugify: "npm:^1.4.5"
    unified: "npm:^9.1.0"
    unist-util-map: "npm:^2.0.1"
    unist-util-visit: "npm:^2.0.3"
    xml2js: "npm:~0.4.23"
    yarn: "npm:^1.22.22"
  languageName: unknown
  linkType: soft

"xml2js@npm:~0.4.23":
  version: 0.4.23
  resolution: "xml2js@npm:0.4.23"
  dependencies:
    sax: "npm:>=0.6.0"
    xmlbuilder: "npm:~11.0.0"
  checksum: a3f41c9afc46d5bd0bea4070e5108777b605fd5ce2ebb978a68fd4c75513978ad5939f8135664ffea6f1adb342f391b1ba1584ed7955123b036e9ab8a1d26566
  languageName: node
  linkType: hard

"xmlbuilder@npm:~11.0.0":
  version: 11.0.1
  resolution: "xmlbuilder@npm:11.0.1"
  checksum: 74b979f89a0a129926bc786b913459bdbcefa809afaa551c5ab83f89b1915bdaea14c11c759284bb9b931e3b53004dbc2181e21d3ca9553eeb0b2a7b4e40c35b
  languageName: node
  linkType: hard

"xtend@npm:^4.0.0, xtend@npm:^4.0.1":
  version: 4.0.2
  resolution: "xtend@npm:4.0.2"
  checksum: 366ae4783eec6100f8a02dff02ac907bf29f9a00b82ac0264b4d8b832ead18306797e283cf19de776538babfdcb2101375ec5646b59f08c52128ac4ab812ed0e
  languageName: node
  linkType: hard

"yarn@npm:^1.22.22":
  version: 1.22.22
  resolution: "yarn@npm:1.22.22"
  bin:
    yarn: bin/yarn.js
    yarnpkg: bin/yarn.js
  checksum: 8c77198c93d7542e7f4e131c63b66de357b7076ecfbcfe709ec0d674115c2dd9edaa45196e5510e6e9366d368707a802579e3402071002e1c9d9a99d491478de
  languageName: node
  linkType: hard
